
Microsoft Visual Studio Solution File, Format Version 12.00
# Visual Studio Version 16
VisualStudioVersion = 16.0.31702.278
MinimumVisualStudioVersion = 10.0.40219.1
Project("{FAE04EC0-301F-11D3-BF4B-00C04F79EFBC}") = "EFCore", "EFCore\EFCore.csproj", "{453C0E22-1A36-4A08-AF93-B04691C9AF98}"
EndProject
Global
	GlobalSection(SolutionConfigurationPlatforms) = preSolution
		Debug|Any CPU = Debug|Any CPU
		Release|Any CPU = Release|Any CPU
	EndGlobalSection
	GlobalSection(ProjectConfigurationPlatforms) = postSolution
		{453C0E22-1A36-4A08-AF93-B04691C9AF98}.Debug|Any CPU.ActiveCfg = Debug|Any CPU
		{453C0E22-1A36-4A08-AF93-B04691C9AF98}.Debug|Any CPU.Build.0 = Debug|Any CPU
		{453C0E22-1A36-4A08-AF93-B04691C9AF98}.Release|Any CPU.ActiveCfg = Release|Any CPU
		{453C0E22-1A36-4A08-AF93-B04691C9AF98}.Release|Any CPU.Build.0 = Release|Any CPU
	EndGlobalSection
	GlobalSection(SolutionProperties) = preSolution
		HideSolutionNode = FALSE
	EndGlobalSection
	GlobalSection(ExtensibilityGlobals) = postSolution
		SolutionGuid = {EE0D5C6C-21F7-4EBA-A587-5CF0C3D322D7}
	EndGlobalSection
EndGlobal
